// !$*UTF8*$!
{
	archiveVersion = 1;
	classes = {
	};
	objectVersion = 56;
	objects = {

/* Begin PBXBuildFile section */
		7F6EC6302E54531200498F27 /* Assets.xcassets in Resources */ = {isa = PBXBuildFile; fileRef = 7F6EC61E2E54531200498F27 /* Assets.xcassets */; };
		7F6EC6332E54531200498F27 /* EnhancedContentView.swift in Sources */ = {isa = PBXBuildFile; fileRef = 7F6EC61B2E54531200498F27 /* EnhancedContentView.swift */; };
		7F6EC6342E54531200498F27 /* MEREApp.swift in Sources */ = {isa = PBXBuildFile; fileRef = 7F6EC6262E54531200498F27 /* MEREApp.swift */; };
		7F6EC6352E54531200498F27 /* NetworkMonitor.swift in Sources */ = {isa = PBXBuildFile; fileRef = 7F6EC6272E54531200498F27 /* NetworkMonitor.swift */; };
		7F6EC6362E54531200498F27 /* ContentView.swift in Sources */ = {isa = PBXBuildFile; fileRef = 7F6EC6202E54531200498F27 /* ContentView.swift */; };
		7F6EC6372E54531200498F27 /* WebSocketTestView.swift in Sources */ = {isa = PBXBuildFile; fileRef = 7F6EC62B2E54531200498F27 /* WebSocketTestView.swift */; };
		7F6EC6382E54531200498F27 /* CoreDataStack.swift in Sources */ = {isa = PBXBuildFile; fileRef = 7F6EC6212E54531200498F27 /* CoreDataStack.swift */; };
		7F6EC63A2E54531200498F27 /* AIService.swift in Sources */ = {isa = PBXBuildFile; fileRef = 7F6EC61D2E54531200498F27 /* AIService.swift */; };
		7F6EC63D2E54531200498F27 /* DataSyncManager.swift in Sources */ = {isa = PBXBuildFile; fileRef = 7F6EC6222E54531200498F27 /* DataSyncManager.swift */; };
		7F6EC63E2E54531200498F27 /* WebSocketManager.swift in Sources */ = {isa = PBXBuildFile; fileRef = 7F6EC62D2E54531200498F27 /* WebSocketManager.swift */; };
		7F6EC6402E54531200498F27 /* LocalDataManager.swift in Sources */ = {isa = PBXBuildFile; fileRef = 7F6EC6242E54531200498F27 /* LocalDataManager.swift */; };
		7F6EC6422E54531200498F27 /* MERE.xcdatamodeld in Sources */ = {isa = PBXBuildFile; fileRef = 7F6EC6252E54531200498F27 /* MERE.xcdatamodeld */; };
		7F6EC6432E54531200498F27 /* AudioManager.swift in Sources */ = {isa = PBXBuildFile; fileRef = 7F6EC61F2E54531200498F27 /* AudioManager.swift */; };
		7F6EC6442E54531200498F27 /* OfflineIntentProcessor.swift in Sources */ = {isa = PBXBuildFile; fileRef = 7F6EC6282E54531200498F27 /* OfflineIntentProcessor.swift */; };
		7F6EC6502E54531200498F27 /* EventEntity.swift in Sources */ = {isa = PBXBuildFile; fileRef = 7F6EC6502E54531200498F28 /* EventEntity.swift */; };
		7F6EC6512E54531200498F27 /* MemoEntity.swift in Sources */ = {isa = PBXBuildFile; fileRef = 7F6EC6512E54531200498F28 /* MemoEntity.swift */; };
		7F6EC6522E54531200498F27 /* TodoEntity.swift in Sources */ = {isa = PBXBuildFile; fileRef = 7F6EC6522E54531200498F28 /* TodoEntity.swift */; };
		7F6EC6532E54531200498F27 /* ConversationModels.swift in Sources */ = {isa = PBXBuildFile; fileRef = 7F6EC6532E54531200498F28 /* ConversationModels.swift */; };
/* End PBXBuildFile section */

/* Begin PBXFileReference section */
		7F6EC6182E54531200498F27 /* AIService.swift */ = {isa = PBXFileReference; lastKnownFileType = sourcecode.swift; path = AIService.swift; sourceTree = "<group>"; };
		7F6EC6192E54531200498F27 /* AudioManager.swift */ = {isa = PBXFileReference; lastKnownFileType = sourcecode.swift; path = AudioManager.swift; sourceTree = "<group>"; };
		7F6EC61A2E54531200498F27 /* ContentView.swift */ = {isa = PBXFileReference; lastKnownFileType = sourcecode.swift; path = ContentView.swift; sourceTree = "<group>"; };
		7F6EC61B2E54531200498F27 /* EnhancedContentView.swift */ = {isa = PBXFileReference; lastKnownFileType = sourcecode.swift; path = EnhancedContentView.swift; sourceTree = "<group>"; };
		7F6EC61C2E54531200498F27 /* Info.plist */ = {isa = PBXFileReference; lastKnownFileType = text.plist.xml; path = Info.plist; sourceTree = "<group>"; };
		7F6EC61D2E54531200498F27 /* AIService.swift */ = {isa = PBXFileReference; lastKnownFileType = sourcecode.swift; path = AIService.swift; sourceTree = "<group>"; };
		7F6EC61E2E54531200498F27 /* Assets.xcassets */ = {isa = PBXFileReference; lastKnownFileType = folder.assetcatalog; path = Assets.xcassets; sourceTree = "<group>"; };
		7F6EC61F2E54531200498F27 /* AudioManager.swift */ = {isa = PBXFileReference; lastKnownFileType = sourcecode.swift; path = AudioManager.swift; sourceTree = "<group>"; };
		7F6EC6202E54531200498F27 /* ContentView.swift */ = {isa = PBXFileReference; lastKnownFileType = sourcecode.swift; path = ContentView.swift; sourceTree = "<group>"; };
		7F6EC6212E54531200498F27 /* CoreDataStack.swift */ = {isa = PBXFileReference; lastKnownFileType = sourcecode.swift; path = CoreDataStack.swift; sourceTree = "<group>"; };
		7F6EC6222E54531200498F27 /* DataSyncManager.swift */ = {isa = PBXFileReference; lastKnownFileType = sourcecode.swift; path = DataSyncManager.swift; sourceTree = "<group>"; };
		7F6EC6232E54531200498F27 /* EnhancedContentView.swift */ = {isa = PBXFileReference; lastKnownFileType = sourcecode.swift; path = EnhancedContentView.swift; sourceTree = "<group>"; };
		7F6EC6242E54531200498F27 /* LocalDataManager.swift */ = {isa = PBXFileReference; lastKnownFileType = sourcecode.swift; path = LocalDataManager.swift; sourceTree = "<group>"; };
		7F6EC6262E54531200498F27 /* MEREApp.swift */ = {isa = PBXFileReference; lastKnownFileType = sourcecode.swift; path = MEREApp.swift; sourceTree = "<group>"; };
		7F6EC6272E54531200498F27 /* NetworkMonitor.swift */ = {isa = PBXFileReference; lastKnownFileType = sourcecode.swift; path = NetworkMonitor.swift; sourceTree = "<group>"; };
		7F6EC6282E54531200498F27 /* OfflineIntentProcessor.swift */ = {isa = PBXFileReference; lastKnownFileType = sourcecode.swift; path = OfflineIntentProcessor.swift; sourceTree = "<group>"; };
		7F6EC6292E54531200498F27 /* project.pbxproj */ = {isa = PBXFileReference; lastKnownFileType = text.pbxproject; path = project.pbxproj; sourceTree = "<group>"; };
		7F6EC62A2E54531200498F27 /* WebSocketManager.swift */ = {isa = PBXFileReference; lastKnownFileType = sourcecode.swift; path = WebSocketManager.swift; sourceTree = "<group>"; };
		7F6EC62B2E54531200498F27 /* WebSocketTestView.swift */ = {isa = PBXFileReference; lastKnownFileType = sourcecode.swift; path = WebSocketTestView.swift; sourceTree = "<group>"; };
		7F6EC62D2E54531200498F27 /* WebSocketManager.swift */ = {isa = PBXFileReference; lastKnownFileType = sourcecode.swift; path = WebSocketManager.swift; sourceTree = "<group>"; };
		7F6EC62E2E54531200498F27 /* WebSocketTestView.swift */ = {isa = PBXFileReference; lastKnownFileType = sourcecode.swift; path = WebSocketTestView.swift; sourceTree = "<group>"; };
		7F6EC62F2E54531200498F27 /* MERE.xcdatamodel */ = {isa = PBXFileReference; lastKnownFileType = wrapper.xcdatamodel; path = MERE.xcdatamodel; sourceTree = "<group>"; };
		7F6EC6502E54531200498F28 /* EventEntity.swift */ = {isa = PBXFileReference; lastKnownFileType = sourcecode.swift; path = EventEntity.swift; sourceTree = "<group>"; };
		7F6EC6512E54531200498F28 /* MemoEntity.swift */ = {isa = PBXFileReference; lastKnownFileType = sourcecode.swift; path = MemoEntity.swift; sourceTree = "<group>"; };
		7F6EC6522E54531200498F28 /* TodoEntity.swift */ = {isa = PBXFileReference; lastKnownFileType = sourcecode.swift; path = TodoEntity.swift; sourceTree = "<group>"; };
		7F6EC6532E54531200498F28 /* ConversationModels.swift */ = {isa = PBXFileReference; lastKnownFileType = sourcecode.swift; path = ConversationModels.swift; sourceTree = "<group>"; };
		91A5B8C52C8123456789ABCD /* MEREApp.app */ = {isa = PBXFileReference; explicitFileType = wrapper.application; includeInIndex = 0; path = MEREApp.app; sourceTree = BUILT_PRODUCTS_DIR; };
/* End PBXFileReference section */

/* Begin PBXFrameworksBuildPhase section */
		91A5B8C22C8123456789ABCD /* Frameworks */ = {
			isa = PBXFrameworksBuildPhase;
			buildActionMask = 2147483647;
			files = (
			);
			runOnlyForDeploymentPostprocessing = 0;
		};
/* End PBXFrameworksBuildPhase section */

/* Begin PBXGroup section */
		7F6EC62C2E54531200498F27 /* MEREApp */ = {
			isa = PBXGroup;
			children = (
				7F6EC61D2E54531200498F27 /* AIService.swift */,
				7F6EC61E2E54531200498F27 /* Assets.xcassets */,
				7F6EC61F2E54531200498F27 /* AudioManager.swift */,
				7F6EC6202E54531200498F27 /* ContentView.swift */,
				7F6EC6532E54531200498F28 /* ConversationModels.swift */,
				7F6EC6212E54531200498F27 /* CoreDataStack.swift */,
				7F6EC6222E54531200498F27 /* DataSyncManager.swift */,
				7F6EC6232E54531200498F27 /* EnhancedContentView.swift */,
				7F6EC6502E54531200498F28 /* EventEntity.swift */,
				7F6EC6242E54531200498F27 /* LocalDataManager.swift */,
				7F6EC6252E54531200498F27 /* MERE.xcdatamodeld */,
				7F6EC6262E54531200498F27 /* MEREApp.swift */,
				7F6EC6512E54531200498F28 /* MemoEntity.swift */,
				7F6EC6272E54531200498F27 /* NetworkMonitor.swift */,
				7F6EC6282E54531200498F27 /* OfflineIntentProcessor.swift */,
				7F6EC6292E54531200498F27 /* project.pbxproj */,
				7F6EC6522E54531200498F28 /* TodoEntity.swift */,
				7F6EC62A2E54531200498F27 /* WebSocketManager.swift */,
				7F6EC62B2E54531200498F27 /* WebSocketTestView.swift */,
			);
			path = MEREApp;
			sourceTree = "<group>";
		};
		91A5B8BC2C8123456789ABCD = {
			isa = PBXGroup;
			children = (
				7F6EC6182E54531200498F27 /* AIService.swift */,
				7F6EC6192E54531200498F27 /* AudioManager.swift */,
				7F6EC61A2E54531200498F27 /* ContentView.swift */,
				7F6EC61B2E54531200498F27 /* EnhancedContentView.swift */,
				7F6EC61C2E54531200498F27 /* Info.plist */,
				7F6EC62C2E54531200498F27 /* MEREApp */,
				7F6EC62D2E54531200498F27 /* WebSocketManager.swift */,
				7F6EC62E2E54531200498F27 /* WebSocketTestView.swift */,
				91A5B8C62C8123456789ABCD /* Products */,
			);
			sourceTree = "<group>";
		};
		91A5B8C62C8123456789ABCD /* Products */ = {
			isa = PBXGroup;
			children = (
				91A5B8C52C8123456789ABCD /* MEREApp.app */,
			);
			name = Products;
			sourceTree = "<group>";
		};
/* End PBXGroup section */

/* Begin PBXNativeTarget section */
		91A5B8C42C8123456789ABCD /* MEREApp */ = {
			isa = PBXNativeTarget;
			buildConfigurationList = 91A5B8DE2C8123456789ABCD /* Build configuration list for PBXNativeTarget "MEREApp" */;
			buildPhases = (
				91A5B8C12C8123456789ABCD /* Sources */,
				91A5B8C22C8123456789ABCD /* Frameworks */,
				91A5B8C32C8123456789ABCD /* Resources */,
			);
			buildRules = (
			);
			dependencies = (
			);
			name = MEREApp;
			productName = MEREApp;
			productReference = 91A5B8C52C8123456789ABCD /* MEREApp.app */;
			productType = "com.apple.product-type.application";
		};
/* End PBXNativeTarget section */

/* Begin PBXProject section */
		91A5B8BD2C8123456789ABCD /* Project object */ = {
			isa = PBXProject;
			attributes = {
				BuildIndependentTargetsInParallel = 1;
				LastSwiftUpdateCheck = 1500;
				LastUpgradeCheck = 1500;
				TargetAttributes = {
					91A5B8C42C8123456789ABCD = {
						CreatedOnToolsVersion = 15.0;
					};
				};
			};
			buildConfigurationList = 91A5B8C02C8123456789ABCD /* Build configuration list for PBXProject "MEREApp" */;
			compatibilityVersion = "Xcode 14.0";
			developmentRegion = en;
			hasScannedForEncodings = 0;
			knownRegions = (
				en,
				Base,
			);
			mainGroup = 91A5B8BC2C8123456789ABCD;
			productRefGroup = 91A5B8C62C8123456789ABCD /* Products */;
			projectDirPath = "";
			projectRoot = "";
			targets = (
				91A5B8C42C8123456789ABCD /* MEREApp */,
			);
		};
/* End PBXProject section */

/* Begin PBXResourcesBuildPhase section */
		91A5B8C32C8123456789ABCD /* Resources */ = {
			isa = PBXResourcesBuildPhase;
			buildActionMask = 2147483647;
			files = (
				7F6EC6302E54531200498F27 /* Assets.xcassets in Resources */,
			);
			runOnlyForDeploymentPostprocessing = 0;
		};
/* End PBXResourcesBuildPhase section */

/* Begin PBXSourcesBuildPhase section */
		91A5B8C12C8123456789ABCD /* Sources */ = {
			isa = PBXSourcesBuildPhase;
			buildActionMask = 2147483647;
			files = (
				7F6EC6332E54531200498F27 /* EnhancedContentView.swift in Sources */,
				7F6EC6342E54531200498F27 /* MEREApp.swift in Sources */,
				7F6EC6352E54531200498F27 /* NetworkMonitor.swift in Sources */,
				7F6EC6362E54531200498F27 /* ContentView.swift in Sources */,
				7F6EC6372E54531200498F27 /* WebSocketTestView.swift in Sources */,
				7F6EC6382E54531200498F27 /* CoreDataStack.swift in Sources */,
				7F6EC63A2E54531200498F27 /* AIService.swift in Sources */,
				7F6EC63D2E54531200498F27 /* DataSyncManager.swift in Sources */,
				7F6EC63E2E54531200498F27 /* WebSocketManager.swift in Sources */,
				7F6EC6402E54531200498F27 /* LocalDataManager.swift in Sources */,
				7F6EC6422E54531200498F27 /* MERE.xcdatamodeld in Sources */,
				7F6EC6432E54531200498F27 /* AudioManager.swift in Sources */,
				7F6EC6442E54531200498F27 /* OfflineIntentProcessor.swift in Sources */,
				7F6EC6502E54531200498F27 /* EventEntity.swift in Sources */,
				7F6EC6512E54531200498F27 /* MemoEntity.swift in Sources */,
				7F6EC6522E54531200498F27 /* TodoEntity.swift in Sources */,
				7F6EC6532E54531200498F27 /* ConversationModels.swift in Sources */,
			);
			runOnlyForDeploymentPostprocessing = 0;
		};
/* End PBXSourcesBuildPhase section */

/* Begin XCBuildConfiguration section */
		91A5B8DC2C8123456789ABCD /* Debug */ = {
			isa = XCBuildConfiguration;
			buildSettings = {
				ALWAYS_SEARCH_USER_PATHS = NO;
				ASSETCATALOG_COMPILER_GENERATE_SWIFT_ASSET_SYMBOL_EXTENSIONS = YES;
				CLANG_ANALYZER_NONNULL = YES;
				CLANG_ANALYZER_NUMBER_OBJECT_CONVERSION = YES_AGGRESSIVE;
				CLANG_CXX_LANGUAGE_STANDARD = "gnu++20";
				CLANG_ENABLE_MODULES = YES;
				CLANG_ENABLE_OBJC_ARC = YES;
				CLANG_ENABLE_OBJC_WEAK = YES;
				CLANG_WARN_BLOCK_CAPTURE_AUTORELEASING = YES;
				CLANG_WARN_BOOL_CONVERSION = YES;
				CLANG_WARN_COMMA = YES;
				CLANG_WARN_CONSTANT_CONVERSION = YES;
				CLANG_WARN_DEPRECATED_OBJC_IMPLEMENTATIONS = YES;
				CLANG_WARN_DIRECT_OBJC_ISA_USAGE = YES_ERROR;
				CLANG_WARN_DOCUMENTATION_COMMENTS = YES;
				CLANG_WARN_EMPTY_BODY = YES;
				CLANG_WARN_ENUM_CONVERSION = YES;
				CLANG_WARN_INFINITE_RECURSION = YES;
				CLANG_WARN_INT_CONVERSION = YES;
				CLANG_WARN_NON_LITERAL_NULL_CONVERSION = YES;
				CLANG_WARN_OBJC_IMPLICIT_RETAIN_SELF = YES;
				CLANG_WARN_OBJC_LITERAL_CONVERSION = YES;
				CLANG_WARN_OBJC_ROOT_CLASS = YES_ERROR;
				CLANG_WARN_QUOTED_INCLUDE_IN_FRAMEWORK_HEADER = YES;
				CLANG_WARN_RANGE_LOOP_ANALYSIS = YES;
				CLANG_WARN_STRICT_PROTOTYPES = YES;
				CLANG_WARN_SUSPICIOUS_MOVE = YES;
				CLANG_WARN_UNGUARDED_AVAILABILITY = YES_AGGRESSIVE;
				CLANG_WARN_UNREACHABLE_CODE = YES;
				CLANG_WARN__DUPLICATE_METHOD_MATCH = YES;
				COPY_PHASE_STRIP = NO;
				DEBUG_INFORMATION_FORMAT = dwarf;
				ENABLE_STRICT_OBJC_MSGSEND = YES;
				ENABLE_TESTABILITY = YES;
				ENABLE_USER_SCRIPT_SANDBOXING = YES;
				GCC_C_LANGUAGE_STANDARD = gnu17;
				GCC_DYNAMIC_NO_PIC = NO;
				GCC_NO_COMMON_BLOCKS = YES;
				GCC_OPTIMIZATION_LEVEL = 0;
				GCC_PREPROCESSOR_DEFINITIONS = (
					"DEBUG=1",
					"$(inherited)",
				);
				GCC_WARN_64_TO_32_BIT_CONVERSION = YES;
				GCC_WARN_ABOUT_RETURN_TYPE = YES_ERROR;
				GCC_WARN_UNDECLARED_SELECTOR = YES;
				GCC_WARN_UNINITIALIZED_AUTOS = YES_AGGRESSIVE;
				GCC_WARN_UNUSED_FUNCTION = YES;
				GCC_WARN_UNUSED_VARIABLE = YES;
				IPHONEOS_DEPLOYMENT_TARGET = 16.0;
				LOCALIZATION_PREFERS_STRING_CATALOGS = YES;
				MTL_ENABLE_DEBUG_INFO = INCLUDE_SOURCE;
				MTL_FAST_MATH = YES;
				ONLY_ACTIVE_ARCH = YES;
				SDKROOT = iphoneos;
				SWIFT_ACTIVE_COMPILATION_CONDITIONS = "DEBUG $(inherited)";
				SWIFT_OPTIMIZATION_LEVEL = "-Onone";
			};
			name = Debug;
		};
		91A5B8DD2C8123456789ABCD /* Release */ = {
			isa = XCBuildConfiguration;
			buildSettings = {
				ALWAYS_SEARCH_USER_PATHS = NO;
				ASSETCATALOG_COMPILER_GENERATE_SWIFT_ASSET_SYMBOL_EXTENSIONS = YES;
				CLANG_ANALYZER_NONNULL = YES;
				CLANG_ANALYZER_NUMBER_OBJECT_CONVERSION = YES_AGGRESSIVE;
				CLANG_CXX_LANGUAGE_STANDARD = "gnu++20";
				CLANG_ENABLE_MODULES = YES;
				CLANG_ENABLE_OBJC_ARC = YES;
				CLANG_ENABLE_OBJC_WEAK = YES;
				CLANG_WARN_BLOCK_CAPTURE_AUTORELEASING = YES;
				CLANG_WARN_BOOL_CONVERSION = YES;
				CLANG_WARN_COMMA = YES;
				CLANG_WARN_CONSTANT_CONVERSION = YES;
				CLANG_WARN_DEPRECATED_OBJC_IMPLEMENTATIONS = YES;
				CLANG_WARN_DIRECT_OBJC_ISA_USAGE = YES_ERROR;
				CLANG_WARN_DOCUMENTATION_COMMENTS = YES;
				CLANG_WARN_EMPTY_BODY = YES;
				CLANG_WARN_ENUM_CONVERSION = YES;
				CLANG_WARN_INFINITE_RECURSION = YES;
				CLANG_WARN_INT_CONVERSION = YES;
				CLANG_WARN_NON_LITERAL_NULL_CONVERSION = YES;
				CLANG_WARN_OBJC_IMPLICIT_RETAIN_SELF = YES;
				CLANG_WARN_OBJC_LITERAL_CONVERSION = YES;
				CLANG_WARN_OBJC_ROOT_CLASS = YES_ERROR;
				CLANG_WARN_QUOTED_INCLUDE_IN_FRAMEWORK_HEADER = YES;
				CLANG_WARN_RANGE_LOOP_ANALYSIS = YES;
				CLANG_WARN_STRICT_PROTOTYPES = YES;
				CLANG_WARN_SUSPICIOUS_MOVE = YES;
				CLANG_WARN_UNGUARDED_AVAILABILITY = YES_AGGRESSIVE;
				CLANG_WARN_UNREACHABLE_CODE = YES;
				CLANG_WARN__DUPLICATE_METHOD_MATCH = YES;
				COPY_PHASE_STRIP = NO;
				DEBUG_INFORMATION_FORMAT = "dwarf-with-dsym";
				ENABLE_NS_ASSERTIONS = NO;
				ENABLE_STRICT_OBJC_MSGSEND = YES;
				ENABLE_USER_SCRIPT_SANDBOXING = YES;
				GCC_C_LANGUAGE_STANDARD = gnu17;
				GCC_NO_COMMON_BLOCKS = YES;
				GCC_WARN_64_TO_32_BIT_CONVERSION = YES;
				GCC_WARN_ABOUT_RETURN_TYPE = YES_ERROR;
				GCC_WARN_UNDECLARED_SELECTOR = YES;
				GCC_WARN_UNINITIALIZED_AUTOS = YES_AGGRESSIVE;
				GCC_WARN_UNUSED_FUNCTION = YES;
				GCC_WARN_UNUSED_VARIABLE = YES;
				IPHONEOS_DEPLOYMENT_TARGET = 16.0;
				LOCALIZATION_PREFERS_STRING_CATALOGS = YES;
				MTL_ENABLE_DEBUG_INFO = NO;
				MTL_FAST_MATH = YES;
				SDKROOT = iphoneos;
				SWIFT_COMPILATION_MODE = wholemodule;
				VALIDATE_PRODUCT = YES;
			};
			name = Release;
		};
		91A5B8DF2C8123456789ABCD /* Debug */ = {
			isa = XCBuildConfiguration;
			buildSettings = {
				ASSETCATALOG_COMPILER_APPICON_NAME = AppIcon;
				ASSETCATALOG_COMPILER_GLOBAL_ACCENT_COLOR_NAME = AccentColor;
				CODE_SIGN_STYLE = Automatic;
				CURRENT_PROJECT_VERSION = 1;
				DEVELOPMENT_ASSET_PATHS = "";
				DEVELOPMENT_TEAM = "";
				ENABLE_PREVIEWS = YES;
				GENERATE_INFOPLIST_FILE = NO;
				INFOPLIST_FILE = Info.plist;
				INFOPLIST_KEY_NSLocalNetworkUsageDescription = "MERE needs network access to communicate with AI backend";
				INFOPLIST_KEY_NSMicrophoneUsageDescription = "MERE needs microphone access for voice commands";
				INFOPLIST_KEY_UIApplicationSceneManifest_Generation = YES;
				INFOPLIST_KEY_UIApplicationSupportsIndirectInputEvents = YES;
				INFOPLIST_KEY_UILaunchScreen_Generation = YES;
				INFOPLIST_KEY_UISupportedInterfaceOrientations = UIInterfaceOrientationPortrait;
				INFOPLIST_KEY_UISupportedInterfaceOrientations_iPad = "UIInterfaceOrientationLandscapeLeft UIInterfaceOrientationLandscapeRight UIInterfaceOrientationPortrait UIInterfaceOrientationPortraitUpsideDown";
				IPHONEOS_DEPLOYMENT_TARGET = 16.0;
				LD_RUNPATH_SEARCH_PATHS = (
					"$(inherited)",
					"@executable_path/Frameworks",
				);
				MARKETING_VERSION = 1.0;
				PRODUCT_BUNDLE_IDENTIFIER = com.mere.ai.MEREApp;
				PRODUCT_NAME = "$(TARGET_NAME)";
				SUPPORTED_PLATFORMS = "iphoneos iphonesimulator";
				SUPPORTS_MACCATALYST = NO;
				SUPPORTS_MAC_DESIGNED_FOR_IPHONE_IPAD = NO;
				SWIFT_EMIT_LOC_STRINGS = YES;
				SWIFT_VERSION = 5.0;
				TARGETED_DEVICE_FAMILY = "1,2";
			};
			name = Debug;
		};
		91A5B8E02C8123456789ABCD /* Release */ = {
			isa = XCBuildConfiguration;
			buildSettings = {
				ASSETCATALOG_COMPILER_APPICON_NAME = AppIcon;
				ASSETCATALOG_COMPILER_GLOBAL_ACCENT_COLOR_NAME = AccentColor;
				CODE_SIGN_STYLE = Automatic;
				CURRENT_PROJECT_VERSION = 1;
				DEVELOPMENT_ASSET_PATHS = "";
				DEVELOPMENT_TEAM = "";
				ENABLE_PREVIEWS = YES;
				GENERATE_INFOPLIST_FILE = NO;
				INFOPLIST_FILE = Info.plist;
				INFOPLIST_KEY_NSLocalNetworkUsageDescription = "MERE needs network access to communicate with AI backend";
				INFOPLIST_KEY_NSMicrophoneUsageDescription = "MERE needs microphone access for voice commands";
				INFOPLIST_KEY_UIApplicationSceneManifest_Generation = YES;
				INFOPLIST_KEY_UIApplicationSupportsIndirectInputEvents = YES;
				INFOPLIST_KEY_UILaunchScreen_Generation = YES;
				INFOPLIST_KEY_UISupportedInterfaceOrientations = UIInterfaceOrientationPortrait;
				INFOPLIST_KEY_UISupportedInterfaceOrientations_iPad = "UIInterfaceOrientationLandscapeLeft UIInterfaceOrientationLandscapeRight UIInterfaceOrientationPortrait UIInterfaceOrientationPortraitUpsideDown";
				IPHONEOS_DEPLOYMENT_TARGET = 16.0;
				LD_RUNPATH_SEARCH_PATHS = (
					"$(inherited)",
					"@executable_path/Frameworks",
				);
				MARKETING_VERSION = 1.0;
				PRODUCT_BUNDLE_IDENTIFIER = com.mere.ai.MEREApp;
				PRODUCT_NAME = "$(TARGET_NAME)";
				SUPPORTED_PLATFORMS = "iphoneos iphonesimulator";
				SUPPORTS_MACCATALYST = NO;
				SUPPORTS_MAC_DESIGNED_FOR_IPHONE_IPAD = NO;
				SWIFT_EMIT_LOC_STRINGS = YES;
				SWIFT_VERSION = 5.0;
				TARGETED_DEVICE_FAMILY = "1,2";
			};
			name = Release;
		};
/* End XCBuildConfiguration section */

/* Begin XCConfigurationList section */
		91A5B8C02C8123456789ABCD /* Build configuration list for PBXProject "MEREApp" */ = {
			isa = XCConfigurationList;
			buildConfigurations = (
				91A5B8DC2C8123456789ABCD /* Debug */,
				91A5B8DD2C8123456789ABCD /* Release */,
			);
			defaultConfigurationIsVisible = 0;
			defaultConfigurationName = Release;
		};
		91A5B8DE2C8123456789ABCD /* Build configuration list for PBXNativeTarget "MEREApp" */ = {
			isa = XCConfigurationList;
			buildConfigurations = (
				91A5B8DF2C8123456789ABCD /* Debug */,
				91A5B8E02C8123456789ABCD /* Release */,
			);
			defaultConfigurationIsVisible = 0;
			defaultConfigurationName = Release;
		};
/* End XCConfigurationList section */

/* Begin XCVersionGroup section */
		7F6EC6252E54531200498F27 /* MERE.xcdatamodeld */ = {
			isa = XCVersionGroup;
			children = (
				7F6EC62F2E54531200498F27 /* MERE.xcdatamodel */,
			);
			currentVersion = 7F6EC62F2E54531200498F27 /* MERE.xcdatamodel */;
			path = MERE.xcdatamodeld;
			sourceTree = "<group>";
			versionGroupType = wrapper.xcdatamodel;
		};
/* End XCVersionGroup section */
	};
	rootObject = 91A5B8BD2C8123456789ABCD /* Project object */;
}
